<?xml version="1.0" encoding="utf-8"?>
<Project ToolsVersion="4.0" xmlns="http://schemas.microsoft.com/developer/msbuild/2003">
  <ItemGroup>
    <ClCompile Include="forp.cpp" />
    <ClCompile Include="pch.cpp" />
    <ClCompile Include="werkbank.cpp" />
    <ClCompile Include="LineReader\LineReader.cpp">
      <Filter>LineReader</Filter>
    </ClCompile>
    <ClCompile Include="LineReader\streamtokenizer.cpp">
      <Filter>LineReader</Filter>
    </ClCompile>
    <ClCompile Include="Misc\getopts.cpp">
      <Filter>Misc</Filter>
    </ClCompile>
    <ClCompile Include="Misc\LibBee.cpp">
      <Filter>Misc</Filter>
    </ClCompile>
    <ClCompile Include="Misc\Log.cpp">
      <Filter>Misc</Filter>
    </ClCompile>
    <ClCompile Include="Misc\SubstPercentSymbols.cpp">
      <Filter>Misc</Filter>
    </ClCompile>
    <ClCompile Include="readline\readline.c">
      <Filter>readline</Filter>
    </ClCompile>
    <ClCompile Include="Readline2\readline2.cpp">
      <Filter>Readline2</Filter>
    </ClCompile>
  </ItemGroup>
  <ItemGroup>
    <ClInclude Include="forp.h" />
    <ClInclude Include="pch.h" />
    <ClInclude Include="LineReader\LineReader.h">
      <Filter>LineReader</Filter>
    </ClInclude>
    <ClInclude Include="LineReader\streamtokenizer.h">
      <Filter>LineReader</Filter>
    </ClInclude>
    <ClInclude Include="Misc\libBeeCpp.h">
      <Filter>Misc</Filter>
    </ClInclude>
    <ClInclude Include="Misc\Log.h">
      <Filter>Misc</Filter>
    </ClInclude>
    <ClInclude Include="readline\readline.h">
      <Filter>readline</Filter>
    </ClInclude>
    <ClInclude Include="Readline2\readline2.h">
      <Filter>Readline2</Filter>
    </ClInclude>
  </ItemGroup>
  <ItemGroup>
    <Filter Include="LineReader">
      <UniqueIdentifier>{fe8482a0-1263-4c5b-9b1f-64b4fd9e47ae}</UniqueIdentifier>
    </Filter>
    <Filter Include="Misc">
      <UniqueIdentifier>{7b3a418f-2789-4ba6-9f87-dbdfd04a50b8}</UniqueIdentifier>
    </Filter>
    <Filter Include="readline">
      <UniqueIdentifier>{d8cf5ce7-717a-48f8-ba63-78b82a83f1be}</UniqueIdentifier>
    </Filter>
    <Filter Include="Readline2">
      <UniqueIdentifier>{74084b21-e38b-41cb-8b6c-90604bda8587}</UniqueIdentifier>
    </Filter>
  </ItemGroup>
</Project>